{
  "name": "doenerguide",
  "lockfileVersion": 3,
  "requires": true,
  "packages": {
    "": {
      "dependencies": {
        "@angular/google-maps": "^17.3.4",
        "@capacitor/core": "^5.7.4",
        "@capacitor/geolocation": "^5.0.7"
      }
    },
    "node_modules/@angular/google-maps": {
      "version": "17.3.4",
      "resolved": "https://registry.npmjs.org/@angular/google-maps/-/google-maps-17.3.4.tgz",
      "integrity": "sha512-2yECIDrBOT0WBXIkgvexZ8M2lImEh01hmRmXenx4Dbe66GLtf6L5IFkmH7RDdRn0Gm22BLYCfAR6qLkv6q8iNQ==",
      "dependencies": {
        "@types/google.maps": "^3.54.10",
        "tslib": "^2.3.0"
      },
      "peerDependencies": {
        "@angular/common": "^17.0.0 || ^18.0.0",
        "@angular/core": "^17.0.0 || ^18.0.0",
        "rxjs": "^6.5.3 || ^7.4.0"
      }
    },
    "node_modules/@capacitor/core": {
      "version": "5.7.4",
      "resolved": "https://registry.npmjs.org/@capacitor/core/-/core-5.7.4.tgz",
      "integrity": "sha512-iZBgvx3o4amzKv5ttA+QHB6i7cxK+/mYpCQd1tnSdipg6ZkvfBhg1HkzhEqHk+I7MNur+QwgYDZho9+ycHRwOw==",
      "dependencies": {
        "tslib": "^2.1.0"
      }
    },
    "node_modules/@capacitor/geolocation": {
      "version": "5.0.7",
      "resolved": "https://registry.npmjs.org/@capacitor/geolocation/-/geolocation-5.0.7.tgz",
      "integrity": "sha512-LfCA08hjWhrBnygBVg8Q3OybbTpdmkAfW6ii+V/BO/UcO72kVsjXRnLQJH6G/U/BOu5qlwzPoNLuFKReF7t/CQ==",
      "peerDependencies": {
        "@capacitor/core": "^5.0.0"
      }
    },
    "node_modules/@types/google.maps": {
      "version": "3.55.7",
      "resolved": "https://registry.npmjs.org/@types/google.maps/-/google.maps-3.55.7.tgz",
      "integrity": "sha512-SlWFx0vo7RSAOC63+PTz8FeqLDaRYs7PrS/L0bZSKswxIN5TnCuckbeIwZpgD/S+DWalPteXfDbg5JsUER5Cyw=="
    },
    "node_modules/tslib": {
      "version": "2.6.2",
      "license": "0BSD"
    }
  }
}
